// !$*UTF8*$!
{
	archiveVersion = 1;
	classes = {
	};
	objectVersion = 77;
	objects = {

/* Begin PBXBuildFile section */
		542DE4892E5AE30400DB166B /* SkyWayRoom in Frameworks */ = {isa = PBXBuildFile; productRef = 542DE4882E5AE30400DB166B /* SkyWayRoom */; };
		542DE48C2E5AE31D00DB166B /* Alamofire in Frameworks */ = {isa = PBXBuildFile; productRef = 542DE48B2E5AE31D00DB166B /* Alamofire */; };
		542DE4912E5AE33200DB166B /* PusherSwift in Frameworks */ = {isa = PBXBuildFile; productRef = 542DE4902E5AE33200DB166B /* PusherSwift */; };
/* End PBXBuildFile section */

/* Begin PBXContainerItemProxy section */
		542DE4572E5AA25C00DB166B /* PBXContainerItemProxy */ = {
			isa = PBXContainerItemProxy;
			containerPortal = 542DE4412E5AA25900DB166B /* Project object */;
			proxyType = 1;
			remoteGlobalIDString = 542DE4482E5AA25900DB166B;
			remoteInfo = MatchingClient;
		};
		542DE4612E5AA25C00DB166B /* PBXContainerItemProxy */ = {
			isa = PBXContainerItemProxy;
			containerPortal = 542DE4412E5AA25900DB166B /* Project object */;
			proxyType = 1;
			remoteGlobalIDString = 542DE4482E5AA25900DB166B;
			remoteInfo = MatchingClient;
		};
/* End PBXContainerItemProxy section */

/* Begin PBXFileReference section */
		542DE4492E5AA25900DB166B /* MatchingClient.app */ = {isa = PBXFileReference; explicitFileType = wrapper.application; includeInIndex = 0; path = MatchingClient.app; sourceTree = BUILT_PRODUCTS_DIR; };
		542DE4562E5AA25C00DB166B /* MatchingClientTests.xctest */ = {isa = PBXFileReference; explicitFileType = wrapper.cfbundle; includeInIndex = 0; path = MatchingClientTests.xctest; sourceTree = BUILT_PRODUCTS_DIR; };
		542DE4602E5AA25C00DB166B /* MatchingClientUITests.xctest */ = {isa = PBXFileReference; explicitFileType = wrapper.cfbundle; includeInIndex = 0; path = MatchingClientUITests.xctest; sourceTree = BUILT_PRODUCTS_DIR; };
/* End PBXFileReference section */

/* Begin PBXFileSystemSynchronizedBuildFileExceptionSet section */
		5468C5412E6BB85C002E3F9B /* Exceptions for "MatchingClient" folder in "MatchingClient" target */ = {
			isa = PBXFileSystemSynchronizedBuildFileExceptionSet;
			membershipExceptions = (
				Config/Development.xcconfig,
				Config/Production.xcconfig,
				Info.plist,
			);
			target = 542DE4482E5AA25900DB166B /* MatchingClient */;
		};
/* End PBXFileSystemSynchronizedBuildFileExceptionSet section */

/* Begin PBXFileSystemSynchronizedRootGroup section */
		542DE44B2E5AA25900DB166B /* MatchingClient */ = {
			isa = PBXFileSystemSynchronizedRootGroup;
			exceptions = (
				5468C5412E6BB85C002E3F9B /* Exceptions for "MatchingClient" folder in "MatchingClient" target */,
			);
			path = MatchingClient;
			sourceTree = "<group>";
		};
		542DE4592E5AA25C00DB166B /* MatchingClientTests */ = {
			isa = PBXFileSystemSynchronizedRootGroup;
			path = MatchingClientTests;
			sourceTree = "<group>";
		};
		542DE4632E5AA25C00DB166B /* MatchingClientUITests */ = {
			isa = PBXFileSystemSynchronizedRootGroup;
			path = MatchingClientUITests;
			sourceTree = "<group>";
		};
/* End PBXFileSystemSynchronizedRootGroup section */

/* Begin PBXFrameworksBuildPhase section */
		542DE4462E5AA25900DB166B /* Frameworks */ = {
			isa = PBXFrameworksBuildPhase;
			buildActionMask = 2147483647;
			files = (
				542DE4892E5AE30400DB166B /* SkyWayRoom in Frameworks */,
				542DE48C2E5AE31D00DB166B /* Alamofire in Frameworks */,
				542DE4912E5AE33200DB166B /* PusherSwift in Frameworks */,
			);
			runOnlyForDeploymentPostprocessing = 0;
		};
		542DE4532E5AA25C00DB166B /* Frameworks */ = {
			isa = PBXFrameworksBuildPhase;
			buildActionMask = 2147483647;
			files = (
			);
			runOnlyForDeploymentPostprocessing = 0;
		};
		542DE45D2E5AA25C00DB166B /* Frameworks */ = {
			isa = PBXFrameworksBuildPhase;
			buildActionMask = 2147483647;
			files = (
			);
			runOnlyForDeploymentPostprocessing = 0;
		};
/* End PBXFrameworksBuildPhase section */

/* Begin PBXGroup section */
		542DE4402E5AA25900DB166B = {
			isa = PBXGroup;
			children = (
				542DE44B2E5AA25900DB166B /* MatchingClient */,
				542DE4592E5AA25C00DB166B /* MatchingClientTests */,
				542DE4632E5AA25C00DB166B /* MatchingClientUITests */,
				542DE44A2E5AA25900DB166B /* Products */,
			);
			sourceTree = "<group>";
		};
		542DE44A2E5AA25900DB166B /* Products */ = {
			isa = PBXGroup;
			children = (
				542DE4492E5AA25900DB166B /* MatchingClient.app */,
				542DE4562E5AA25C00DB166B /* MatchingClientTests.xctest */,
				542DE4602E5AA25C00DB166B /* MatchingClientUITests.xctest */,
			);
			name = Products;
			sourceTree = "<group>";
		};
/* End PBXGroup section */

/* Begin PBXNativeTarget section */
		542DE4482E5AA25900DB166B /* MatchingClient */ = {
			isa = PBXNativeTarget;
			buildConfigurationList = 542DE46A2E5AA25C00DB166B /* Build configuration list for PBXNativeTarget "MatchingClient" */;
			buildPhases = (
				542DE4452E5AA25900DB166B /* Sources */,
				542DE4462E5AA25900DB166B /* Frameworks */,
				542DE4472E5AA25900DB166B /* Resources */,
			);
			buildRules = (
			);
			dependencies = (
			);
			fileSystemSynchronizedGroups = (
				542DE44B2E5AA25900DB166B /* MatchingClient */,
			);
			name = MatchingClient;
			packageProductDependencies = (
				542DE4882E5AE30400DB166B /* SkyWayRoom */,
				542DE48B2E5AE31D00DB166B /* Alamofire */,
				542DE4902E5AE33200DB166B /* PusherSwift */,
			);
			productName = MatchingClient;
			productReference = 542DE4492E5AA25900DB166B /* MatchingClient.app */;
			productType = "com.apple.product-type.application";
		};
		542DE4552E5AA25C00DB166B /* MatchingClientTests */ = {
			isa = PBXNativeTarget;
			buildConfigurationList = 542DE46D2E5AA25C00DB166B /* Build configuration list for PBXNativeTarget "MatchingClientTests" */;
			buildPhases = (
				542DE4522E5AA25C00DB166B /* Sources */,
				542DE4532E5AA25C00DB166B /* Frameworks */,
				542DE4542E5AA25C00DB166B /* Resources */,
			);
			buildRules = (
			);
			dependencies = (
				542DE4582E5AA25C00DB166B /* PBXTargetDependency */,
			);
			fileSystemSynchronizedGroups = (
				542DE4592E5AA25C00DB166B /* MatchingClientTests */,
			);
			name = MatchingClientTests;
			packageProductDependencies = (
			);
			productName = MatchingClientTests;
			productReference = 542DE4562E5AA25C00DB166B /* MatchingClientTests.xctest */;
			productType = "com.apple.product-type.bundle.unit-test";
		};
		542DE45F2E5AA25C00DB166B /* MatchingClientUITests */ = {
			isa = PBXNativeTarget;
			buildConfigurationList = 542DE4702E5AA25C00DB166B /* Build configuration list for PBXNativeTarget "MatchingClientUITests" */;
			buildPhases = (
				542DE45C2E5AA25C00DB166B /* Sources */,
				542DE45D2E5AA25C00DB166B /* Frameworks */,
				542DE45E2E5AA25C00DB166B /* Resources */,
			);
			buildRules = (
			);
			dependencies = (
				542DE4622E5AA25C00DB166B /* PBXTargetDependency */,
			);
			fileSystemSynchronizedGroups = (
				542DE4632E5AA25C00DB166B /* MatchingClientUITests */,
			);
			name = MatchingClientUITests;
			packageProductDependencies = (
			);
			productName = MatchingClientUITests;
			productReference = 542DE4602E5AA25C00DB166B /* MatchingClientUITests.xctest */;
			productType = "com.apple.product-type.bundle.ui-testing";
		};
/* End PBXNativeTarget section */

/* Begin PBXProject section */
		542DE4412E5AA25900DB166B /* Project object */ = {
			isa = PBXProject;
			attributes = {
				BuildIndependentTargetsInParallel = 1;
				LastSwiftUpdateCheck = 1640;
				LastUpgradeCheck = 1640;
				TargetAttributes = {
					542DE4482E5AA25900DB166B = {
						CreatedOnToolsVersion = 16.4;
					};
					542DE4552E5AA25C00DB166B = {
						CreatedOnToolsVersion = 16.4;
						TestTargetID = 542DE4482E5AA25900DB166B;
					};
					542DE45F2E5AA25C00DB166B = {
						CreatedOnToolsVersion = 16.4;
						TestTargetID = 542DE4482E5AA25900DB166B;
					};
				};
			};
			buildConfigurationList = 542DE4442E5AA25900DB166B /* Build configuration list for PBXProject "MatchingClient" */;
			developmentRegion = en;
			hasScannedForEncodings = 0;
			knownRegions = (
				en,
				Base,
			);
			mainGroup = 542DE4402E5AA25900DB166B;
			minimizedProjectReferenceProxies = 1;
			packageReferences = (
				542DE4872E5AE30400DB166B /* XCRemoteSwiftPackageReference "ios-sdk" */,
				542DE48A2E5AE31C00DB166B /* XCRemoteSwiftPackageReference "Alamofire" */,
				542DE48F2E5AE33200DB166B /* XCRemoteSwiftPackageReference "pusher-websocket-swift" */,
			);
			preferredProjectObjectVersion = 77;
			productRefGroup = 542DE44A2E5AA25900DB166B /* Products */;
			projectDirPath = "";
			projectRoot = "";
			targets = (
				542DE4482E5AA25900DB166B /* MatchingClient */,
				542DE4552E5AA25C00DB166B /* MatchingClientTests */,
				542DE45F2E5AA25C00DB166B /* MatchingClientUITests */,
			);
		};
/* End PBXProject section */

/* Begin PBXResourcesBuildPhase section */
		542DE4472E5AA25900DB166B /* Resources */ = {
			isa = PBXResourcesBuildPhase;
			buildActionMask = 2147483647;
			files = (
			);
			runOnlyForDeploymentPostprocessing = 0;
		};
		542DE4542E5AA25C00DB166B /* Resources */ = {
			isa = PBXResourcesBuildPhase;
			buildActionMask = 2147483647;
			files = (
			);
			runOnlyForDeploymentPostprocessing = 0;
		};
		542DE45E2E5AA25C00DB166B /* Resources */ = {
			isa = PBXResourcesBuildPhase;
			buildActionMask = 2147483647;
			files = (
			);
			runOnlyForDeploymentPostprocessing = 0;
		};
/* End PBXResourcesBuildPhase section */

/* Begin PBXSourcesBuildPhase section */
		542DE4452E5AA25900DB166B /* Sources */ = {
			isa = PBXSourcesBuildPhase;
			buildActionMask = 2147483647;
			files = (
			);
			runOnlyForDeploymentPostprocessing = 0;
		};
		542DE4522E5AA25C00DB166B /* Sources */ = {
			isa = PBXSourcesBuildPhase;
			buildActionMask = 2147483647;
			files = (
			);
			runOnlyForDeploymentPostprocessing = 0;
		};
		542DE45C2E5AA25C00DB166B /* Sources */ = {
			isa = PBXSourcesBuildPhase;
			buildActionMask = 2147483647;
			files = (
			);
			runOnlyForDeploymentPostprocessing = 0;
		};
/* End PBXSourcesBuildPhase section */

/* Begin PBXTargetDependency section */
		542DE4582E5AA25C00DB166B /* PBXTargetDependency */ = {
			isa = PBXTargetDependency;
			target = 542DE4482E5AA25900DB166B /* MatchingClient */;
			targetProxy = 542DE4572E5AA25C00DB166B /* PBXContainerItemProxy */;
		};
		542DE4622E5AA25C00DB166B /* PBXTargetDependency */ = {
			isa = PBXTargetDependency;
			target = 542DE4482E5AA25900DB166B /* MatchingClient */;
			targetProxy = 542DE4612E5AA25C00DB166B /* PBXContainerItemProxy */;
		};
/* End PBXTargetDependency section */

/* Begin XCBuildConfiguration section */
		542DE4682E5AA25C00DB166B /* Debug */ = {
			isa = XCBuildConfiguration;
			buildSettings = {
				ALWAYS_SEARCH_USER_PATHS = NO;
				ASSETCATALOG_COMPILER_GENERATE_SWIFT_ASSET_SYMBOL_EXTENSIONS = YES;
				CLANG_ANALYZER_NONNULL = YES;
				CLANG_ANALYZER_NUMBER_OBJECT_CONVERSION = YES_AGGRESSIVE;
				CLANG_CXX_LANGUAGE_STANDARD = "gnu++20";
				CLANG_ENABLE_MODULES = YES;
				CLANG_ENABLE_OBJC_ARC = YES;
				CLANG_ENABLE_OBJC_WEAK = YES;
				CLANG_WARN_BLOCK_CAPTURE_AUTORELEASING = YES;
				CLANG_WARN_BOOL_CONVERSION = YES;
				CLANG_WARN_COMMA = YES;
				CLANG_WARN_CONSTANT_CONVERSION = YES;
				CLANG_WARN_DEPRECATED_OBJC_IMPLEMENTATIONS = YES;
				CLANG_WARN_DIRECT_OBJC_ISA_USAGE = YES_ERROR;
				CLANG_WARN_DOCUMENTATION_COMMENTS = YES;
				CLANG_WARN_EMPTY_BODY = YES;
				CLANG_WARN_ENUM_CONVERSION = YES;
				CLANG_WARN_INFINITE_RECURSION = YES;
				CLANG_WARN_INT_CONVERSION = YES;
				CLANG_WARN_NON_LITERAL_NULL_CONVERSION = YES;
				CLANG_WARN_OBJC_IMPLICIT_RETAIN_SELF = YES;
				CLANG_WARN_OBJC_LITERAL_CONVERSION = YES;
				CLANG_WARN_OBJC_ROOT_CLASS = YES_ERROR;
				CLANG_WARN_QUOTED_INCLUDE_IN_FRAMEWORK_HEADER = YES;
				CLANG_WARN_RANGE_LOOP_ANALYSIS = YES;
				CLANG_WARN_STRICT_PROTOTYPES = YES;
				CLANG_WARN_SUSPICIOUS_MOVE = YES;
				CLANG_WARN_UNGUARDED_AVAILABILITY = YES_AGGRESSIVE;
				CLANG_WARN_UNREACHABLE_CODE = YES;
				CLANG_WARN__DUPLICATE_METHOD_MATCH = YES;
				COPY_PHASE_STRIP = NO;
				DEBUG_INFORMATION_FORMAT = dwarf;
				DEVELOPMENT_TEAM = 8B5KCSR6W7;
				ENABLE_STRICT_OBJC_MSGSEND = YES;
				ENABLE_TESTABILITY = YES;
				ENABLE_USER_SCRIPT_SANDBOXING = YES;
				GCC_C_LANGUAGE_STANDARD = gnu17;
				GCC_DYNAMIC_NO_PIC = NO;
				GCC_NO_COMMON_BLOCKS = YES;
				GCC_OPTIMIZATION_LEVEL = 0;
				GCC_PREPROCESSOR_DEFINITIONS = (
					"DEBUG=1",
					"$(inherited)",
				);
				GCC_WARN_64_TO_32_BIT_CONVERSION = YES;
				GCC_WARN_ABOUT_RETURN_TYPE = YES_ERROR;
				GCC_WARN_UNDECLARED_SELECTOR = YES;
				GCC_WARN_UNINITIALIZED_AUTOS = YES_AGGRESSIVE;
				GCC_WARN_UNUSED_FUNCTION = YES;
				GCC_WARN_UNUSED_VARIABLE = YES;
				IPHONEOS_DEPLOYMENT_TARGET = 17.6;
				LOCALIZATION_PREFERS_STRING_CATALOGS = YES;
				MTL_ENABLE_DEBUG_INFO = INCLUDE_SOURCE;
				MTL_FAST_MATH = YES;
				ONLY_ACTIVE_ARCH = YES;
				SDKROOT = iphoneos;
				SWIFT_ACTIVE_COMPILATION_CONDITIONS = "DEBUG $(inherited)";
				SWIFT_OPTIMIZATION_LEVEL = "-Onone";
			};
			name = Debug;
		};
		542DE4692E5AA25C00DB166B /* Release */ = {
			isa = XCBuildConfiguration;
			buildSettings = {
				ALWAYS_SEARCH_USER_PATHS = NO;
				ASSETCATALOG_COMPILER_GENERATE_SWIFT_ASSET_SYMBOL_EXTENSIONS = YES;
				CLANG_ANALYZER_NONNULL = YES;
				CLANG_ANALYZER_NUMBER_OBJECT_CONVERSION = YES_AGGRESSIVE;
				CLANG_CXX_LANGUAGE_STANDARD = "gnu++20";
				CLANG_ENABLE_MODULES = YES;
				CLANG_ENABLE_OBJC_ARC = YES;
				CLANG_ENABLE_OBJC_WEAK = YES;
				CLANG_WARN_BLOCK_CAPTURE_AUTORELEASING = YES;
				CLANG_WARN_BOOL_CONVERSION = YES;
				CLANG_WARN_COMMA = YES;
				CLANG_WARN_CONSTANT_CONVERSION = YES;
				CLANG_WARN_DEPRECATED_OBJC_IMPLEMENTATIONS = YES;
				CLANG_WARN_DIRECT_OBJC_ISA_USAGE = YES_ERROR;
				CLANG_WARN_DOCUMENTATION_COMMENTS = YES;
				CLANG_WARN_EMPTY_BODY = YES;
				CLANG_WARN_ENUM_CONVERSION = YES;
				CLANG_WARN_INFINITE_RECURSION = YES;
				CLANG_WARN_INT_CONVERSION = YES;
				CLANG_WARN_NON_LITERAL_NULL_CONVERSION = YES;
				CLANG_WARN_OBJC_IMPLICIT_RETAIN_SELF = YES;
				CLANG_WARN_OBJC_LITERAL_CONVERSION = YES;
				CLANG_WARN_OBJC_ROOT_CLASS = YES_ERROR;
				CLANG_WARN_QUOTED_INCLUDE_IN_FRAMEWORK_HEADER = YES;
				CLANG_WARN_RANGE_LOOP_ANALYSIS = YES;
				CLANG_WARN_STRICT_PROTOTYPES = YES;
				CLANG_WARN_SUSPICIOUS_MOVE = YES;
				CLANG_WARN_UNGUARDED_AVAILABILITY = YES_AGGRESSIVE;
				CLANG_WARN_UNREACHABLE_CODE = YES;
				CLANG_WARN__DUPLICATE_METHOD_MATCH = YES;
				COPY_PHASE_STRIP = NO;
				DEBUG_INFORMATION_FORMAT = "dwarf-with-dsym";
				DEVELOPMENT_TEAM = 8B5KCSR6W7;
				ENABLE_NS_ASSERTIONS = NO;
				ENABLE_STRICT_OBJC_MSGSEND = YES;
				ENABLE_USER_SCRIPT_SANDBOXING = YES;
				GCC_C_LANGUAGE_STANDARD = gnu17;
				GCC_NO_COMMON_BLOCKS = YES;
				GCC_WARN_64_TO_32_BIT_CONVERSION = YES;
				GCC_WARN_ABOUT_RETURN_TYPE = YES_ERROR;
				GCC_WARN_UNDECLARED_SELECTOR = YES;
				GCC_WARN_UNINITIALIZED_AUTOS = YES_AGGRESSIVE;
				GCC_WARN_UNUSED_FUNCTION = YES;
				GCC_WARN_UNUSED_VARIABLE = YES;
				IPHONEOS_DEPLOYMENT_TARGET = 17.6;
				LOCALIZATION_PREFERS_STRING_CATALOGS = YES;
				MTL_ENABLE_DEBUG_INFO = NO;
				MTL_FAST_MATH = YES;
				SDKROOT = iphoneos;
				SWIFT_COMPILATION_MODE = wholemodule;
				VALIDATE_PRODUCT = YES;
			};
			name = Release;
		};
		542DE46B2E5AA25C00DB166B /* Debug */ = {
			isa = XCBuildConfiguration;
			buildSettings = {
				ASSETCATALOG_COMPILER_APPICON_NAME = AppIcon;
				ASSETCATALOG_COMPILER_GLOBAL_ACCENT_COLOR_NAME = AccentColor;
				CODE_SIGN_STYLE = Automatic;
				CURRENT_PROJECT_VERSION = 1;
				DEVELOPMENT_TEAM = 8B5KCSR6W7;
				ENABLE_PREVIEWS = YES;
				GENERATE_INFOPLIST_FILE = YES;
				INFOPLIST_FILE = MatchingClient/Info.plist;
				INFOPLIST_KEY_NSCameraUsageDescription = "ビデオ通話でカメラを使用します";
				INFOPLIST_KEY_NSMicrophoneUsageDescription = "音声通話でマイクを使用します";
				INFOPLIST_KEY_NSPhotoLibraryUsageDescription = "プロフィール画像を選択するために写真ライブラリにアクセスします";
				INFOPLIST_KEY_UIApplicationSceneManifest_Generation = YES;
				INFOPLIST_KEY_UIApplicationSupportsIndirectInputEvents = YES;
				INFOPLIST_KEY_UILaunchScreen_Generation = YES;
				INFOPLIST_KEY_UIRequiresFullScreen = YES;
				INFOPLIST_KEY_UISupportedInterfaceOrientations = UIInterfaceOrientationPortrait;
				IPHONEOS_DEPLOYMENT_TARGET = 17.6;
				LD_RUNPATH_SEARCH_PATHS = (
					"$(inherited)",
					"@executable_path/Frameworks",
				);
				MARKETING_VERSION = 1.0;
				PRODUCT_BUNDLE_IDENTIFIER = com.ryomiyata.MatchingClient;
				PRODUCT_NAME = "$(TARGET_NAME)";
				SWIFT_EMIT_LOC_STRINGS = YES;
				SWIFT_VERSION = 5.0;
				TARGETED_DEVICE_FAMILY = "1,2";
			};
			name = Debug;
		};
		542DE46C2E5AA25C00DB166B /* Release */ = {
			isa = XCBuildConfiguration;
			buildSettings = {
				ASSETCATALOG_COMPILER_APPICON_NAME = AppIcon;
				ASSETCATALOG_COMPILER_GLOBAL_ACCENT_COLOR_NAME = AccentColor;
				CODE_SIGN_STYLE = Automatic;
				CURRENT_PROJECT_VERSION = 1;
				DEVELOPMENT_TEAM = 8B5KCSR6W7;
				ENABLE_PREVIEWS = YES;
				GENERATE_INFOPLIST_FILE = YES;
				INFOPLIST_FILE = MatchingClient/Info.plist;
				INFOPLIST_KEY_NSCameraUsageDescription = "ビデオ通話でカメラを使用します";
				INFOPLIST_KEY_NSMicrophoneUsageDescription = "音声通話でマイクを使用します";
				INFOPLIST_KEY_NSPhotoLibraryUsageDescription = "プロフィール画像を選択するために写真ライブラリにアクセスします";
				INFOPLIST_KEY_UIApplicationSceneManifest_Generation = YES;
				INFOPLIST_KEY_UIApplicationSupportsIndirectInputEvents = YES;
				INFOPLIST_KEY_UILaunchScreen_Generation = YES;
				INFOPLIST_KEY_UIRequiresFullScreen = YES;
				INFOPLIST_KEY_UISupportedInterfaceOrientations = UIInterfaceOrientationPortrait;
				IPHONEOS_DEPLOYMENT_TARGET = 17.6;
				LD_RUNPATH_SEARCH_PATHS = (
					"$(inherited)",
					"@executable_path/Frameworks",
				);
				MARKETING_VERSION = 1.0;
				PRODUCT_BUNDLE_IDENTIFIER = com.ryomiyata.MatchingClient;
				PRODUCT_NAME = "$(TARGET_NAME)";
				SWIFT_EMIT_LOC_STRINGS = YES;
				SWIFT_VERSION = 5.0;
				TARGETED_DEVICE_FAMILY = "1,2";
			};
			name = Release;
		};
		542DE46E2E5AA25C00DB166B /* Debug */ = {
			isa = XCBuildConfiguration;
			buildSettings = {
				BUNDLE_LOADER = "$(TEST_HOST)";
				CODE_SIGN_STYLE = Automatic;
				CURRENT_PROJECT_VERSION = 1;
				DEVELOPMENT_TEAM = 8B5KCSR6W7;
				GENERATE_INFOPLIST_FILE = YES;
				IPHONEOS_DEPLOYMENT_TARGET = 17.6;
				MARKETING_VERSION = 1.0;
				PRODUCT_BUNDLE_IDENTIFIER = com.ryomiyata.MatchingClientTests;
				PRODUCT_NAME = "$(TARGET_NAME)";
				SWIFT_EMIT_LOC_STRINGS = NO;
				SWIFT_VERSION = 5.0;
				TARGETED_DEVICE_FAMILY = "1,2";
				TEST_HOST = "$(BUILT_PRODUCTS_DIR)/MatchingClient.app/$(BUNDLE_EXECUTABLE_FOLDER_PATH)/MatchingClient";
			};
			name = Debug;
		};
		542DE46F2E5AA25C00DB166B /* Release */ = {
			isa = XCBuildConfiguration;
			buildSettings = {
				BUNDLE_LOADER = "$(TEST_HOST)";
				CODE_SIGN_STYLE = Automatic;
				CURRENT_PROJECT_VERSION = 1;
				DEVELOPMENT_TEAM = 8B5KCSR6W7;
				GENERATE_INFOPLIST_FILE = YES;
				IPHONEOS_DEPLOYMENT_TARGET = 17.6;
				MARKETING_VERSION = 1.0;
				PRODUCT_BUNDLE_IDENTIFIER = com.ryomiyata.MatchingClientTests;
				PRODUCT_NAME = "$(TARGET_NAME)";
				SWIFT_EMIT_LOC_STRINGS = NO;
				SWIFT_VERSION = 5.0;
				TARGETED_DEVICE_FAMILY = "1,2";
				TEST_HOST = "$(BUILT_PRODUCTS_DIR)/MatchingClient.app/$(BUNDLE_EXECUTABLE_FOLDER_PATH)/MatchingClient";
			};
			name = Release;
		};
		542DE4712E5AA25C00DB166B /* Debug */ = {
			isa = XCBuildConfiguration;
			buildSettings = {
				CODE_SIGN_STYLE = Automatic;
				CURRENT_PROJECT_VERSION = 1;
				DEVELOPMENT_TEAM = 8B5KCSR6W7;
				GENERATE_INFOPLIST_FILE = YES;
				MARKETING_VERSION = 1.0;
				PRODUCT_BUNDLE_IDENTIFIER = com.ryomiyata.MatchingClientUITests;
				PRODUCT_NAME = "$(TARGET_NAME)";
				SWIFT_EMIT_LOC_STRINGS = NO;
				SWIFT_VERSION = 5.0;
				TARGETED_DEVICE_FAMILY = "1,2";
				TEST_TARGET_NAME = MatchingClient;
			};
			name = Debug;
		};
		542DE4722E5AA25C00DB166B /* Release */ = {
			isa = XCBuildConfiguration;
			buildSettings = {
				CODE_SIGN_STYLE = Automatic;
				CURRENT_PROJECT_VERSION = 1;
				DEVELOPMENT_TEAM = 8B5KCSR6W7;
				GENERATE_INFOPLIST_FILE = YES;
				MARKETING_VERSION = 1.0;
				PRODUCT_BUNDLE_IDENTIFIER = com.ryomiyata.MatchingClientUITests;
				PRODUCT_NAME = "$(TARGET_NAME)";
				SWIFT_EMIT_LOC_STRINGS = NO;
				SWIFT_VERSION = 5.0;
				TARGETED_DEVICE_FAMILY = "1,2";
				TEST_TARGET_NAME = MatchingClient;
			};
			name = Release;
		};
/* End XCBuildConfiguration section */

/* Begin XCConfigurationList section */
		542DE4442E5AA25900DB166B /* Build configuration list for PBXProject "MatchingClient" */ = {
			isa = XCConfigurationList;
			buildConfigurations = (
				542DE4682E5AA25C00DB166B /* Debug */,
				542DE4692E5AA25C00DB166B /* Release */,
			);
			defaultConfigurationIsVisible = 0;
			defaultConfigurationName = Release;
		};
		542DE46A2E5AA25C00DB166B /* Build configuration list for PBXNativeTarget "MatchingClient" */ = {
			isa = XCConfigurationList;
			buildConfigurations = (
				542DE46B2E5AA25C00DB166B /* Debug */,
				542DE46C2E5AA25C00DB166B /* Release */,
			);
			defaultConfigurationIsVisible = 0;
			defaultConfigurationName = Release;
		};
		542DE46D2E5AA25C00DB166B /* Build configuration list for PBXNativeTarget "MatchingClientTests" */ = {
			isa = XCConfigurationList;
			buildConfigurations = (
				542DE46E2E5AA25C00DB166B /* Debug */,
				542DE46F2E5AA25C00DB166B /* Release */,
			);
			defaultConfigurationIsVisible = 0;
			defaultConfigurationName = Release;
		};
		542DE4702E5AA25C00DB166B /* Build configuration list for PBXNativeTarget "MatchingClientUITests" */ = {
			isa = XCConfigurationList;
			buildConfigurations = (
				542DE4712E5AA25C00DB166B /* Debug */,
				542DE4722E5AA25C00DB166B /* Release */,
			);
			defaultConfigurationIsVisible = 0;
			defaultConfigurationName = Release;
		};
/* End XCConfigurationList section */

/* Begin XCRemoteSwiftPackageReference section */
		542DE4872E5AE30400DB166B /* XCRemoteSwiftPackageReference "ios-sdk" */ = {
			isa = XCRemoteSwiftPackageReference;
			repositoryURL = "https://github.com/skyway/ios-sdk";
			requirement = {
				kind = upToNextMajorVersion;
				minimumVersion = 2.3.2;
			};
		};
		542DE48A2E5AE31C00DB166B /* XCRemoteSwiftPackageReference "Alamofire" */ = {
			isa = XCRemoteSwiftPackageReference;
			repositoryURL = "https://github.com/Alamofire/Alamofire.git";
			requirement = {
				kind = upToNextMajorVersion;
				minimumVersion = 5.10.2;
			};
		};
		542DE48F2E5AE33200DB166B /* XCRemoteSwiftPackageReference "pusher-websocket-swift" */ = {
			isa = XCRemoteSwiftPackageReference;
			repositoryURL = "https://github.com/pusher/pusher-websocket-swift.git";
			requirement = {
				kind = upToNextMajorVersion;
				minimumVersion = 10.1.6;
			};
		};
/* End XCRemoteSwiftPackageReference section */

/* Begin XCSwiftPackageProductDependency section */
		542DE4882E5AE30400DB166B /* SkyWayRoom */ = {
			isa = XCSwiftPackageProductDependency;
			package = 542DE4872E5AE30400DB166B /* XCRemoteSwiftPackageReference "ios-sdk" */;
			productName = SkyWayRoom;
		};
		542DE48B2E5AE31D00DB166B /* Alamofire */ = {
			isa = XCSwiftPackageProductDependency;
			package = 542DE48A2E5AE31C00DB166B /* XCRemoteSwiftPackageReference "Alamofire" */;
			productName = Alamofire;
		};
		542DE4902E5AE33200DB166B /* PusherSwift */ = {
			isa = XCSwiftPackageProductDependency;
			package = 542DE48F2E5AE33200DB166B /* XCRemoteSwiftPackageReference "pusher-websocket-swift" */;
			productName = PusherSwift;
		};
/* End XCSwiftPackageProductDependency section */
	};
	rootObject = 542DE4412E5AA25900DB166B /* Project object */;
}
